
Microsoft Visual Studio Solution File, Format Version 12.00
# Visual Studio Version 17
VisualStudioVersion = 17.2.32630.192
MinimumVisualStudioVersion = 10.0.40219.1
Project("{FAE04EC0-301F-11D3-BF4B-00C04F79EFBC}") = "ConsoleClient", "ConsoleClient\ConsoleClient.csproj", "{56F7D8F3-B5BF-4AEF-98C3-EF8636AD8E9D}"
EndProject
Project("{FAE04EC0-301F-11D3-BF4B-00C04F79EFBC}") = "Server", "Server\Server.csproj", "{29126D11-9F01-4511-BACA-745C67486325}"
EndProject
Global
	GlobalSection(SolutionConfigurationPlatforms) = preSolution
		Debug|Any CPU = Debug|Any CPU
		Release|Any CPU = Release|Any CPU
	EndGlobalSection
	GlobalSection(ProjectConfigurationPlatforms) = postSolution
		{56F7D8F3-B5BF-4AEF-98C3-EF8636AD8E9D}.Debug|Any CPU.ActiveCfg = Debug|Any CPU
		{56F7D8F3-B5BF-4AEF-98C3-EF8636AD8E9D}.Debug|Any CPU.Build.0 = Debug|Any CPU
		{56F7D8F3-B5BF-4AEF-98C3-EF8636AD8E9D}.Release|Any CPU.ActiveCfg = Release|Any CPU
		{56F7D8F3-B5BF-4AEF-98C3-EF8636AD8E9D}.Release|Any CPU.Build.0 = Release|Any CPU
		{29126D11-9F01-4511-BACA-745C67486325}.Debug|Any CPU.ActiveCfg = Debug|Any CPU
		{29126D11-9F01-4511-BACA-745C67486325}.Debug|Any CPU.Build.0 = Debug|Any CPU
		{29126D11-9F01-4511-BACA-745C67486325}.Release|Any CPU.ActiveCfg = Release|Any CPU
		{29126D11-9F01-4511-BACA-745C67486325}.Release|Any CPU.Build.0 = Release|Any CPU
	EndGlobalSection
	GlobalSection(SolutionProperties) = preSolution
		HideSolutionNode = FALSE
	EndGlobalSection
	GlobalSection(ExtensibilityGlobals) = postSolution
		SolutionGuid = {16F76FFE-3377-42D8-8E91-90FBCEAAF577}
	EndGlobalSection
EndGlobal
